
Microsoft Visual Studio Solution File, Format Version 12.00
# Visual Studio Version 17
VisualStudioVersion = 17.9.34714.143
MinimumVisualStudioVersion = 10.0.40219.1
Project("{9A19103F-16F7-4668-BE54-9A1E7A4F7556}") = "BoxCommerce.Common", "BoxCommerce.Common\BoxCommerce.Common.csproj", "{B522D4C9-EFA3-46AE-B9D3-20C8B113D683}"
EndProject
Project("{9A19103F-16F7-4668-BE54-9A1E7A4F7556}") = "BoxCommerce.Customer.Api", "BoxCommerce.Customer.Api\BoxCommerce.Customer.Api.csproj", "{F01C78C9-613F-49B9-A776-99FC8984FB39}"
EndProject
Project("{2150E333-8FDC-42A3-9474-1A3956D46DE8}") = "Solution Items", "Solution Items", "{86E6DFF0-0A91-404C-9201-CC26F48FA4BF}"
	ProjectSection(SolutionItems) = preProject
		.gitignore = .gitignore
		Technical Assessment - C#  03 2024.pdf = Technical Assessment - C#  03 2024.pdf
	EndProjectSection
EndProject
Project("{9A19103F-16F7-4668-BE54-9A1E7A4F7556}") = "BoxCommerce.Customer.Api.Contract", "BoxCommerce.Customer.Api.Contract\BoxCommerce.Customer.Api.Contract.csproj", "{7E08C468-1DBF-4E29-AFAE-D35E698FF1A5}"
EndProject
Project("{FAE04EC0-301F-11D3-BF4B-00C04F79EFBC}") = "BoxCommerce.Repo", "BoxCommerce.Repo\BoxCommerce.Repo.csproj", "{FF68DAAB-C68C-498B-969E-4FC9ED52EEF7}"
EndProject
Global
	GlobalSection(SolutionConfigurationPlatforms) = preSolution
		Debug|Any CPU = Debug|Any CPU
		Release|Any CPU = Release|Any CPU
	EndGlobalSection
	GlobalSection(ProjectConfigurationPlatforms) = postSolution
		{B522D4C9-EFA3-46AE-B9D3-20C8B113D683}.Debug|Any CPU.ActiveCfg = Debug|Any CPU
		{B522D4C9-EFA3-46AE-B9D3-20C8B113D683}.Debug|Any CPU.Build.0 = Debug|Any CPU
		{B522D4C9-EFA3-46AE-B9D3-20C8B113D683}.Release|Any CPU.ActiveCfg = Release|Any CPU
		{B522D4C9-EFA3-46AE-B9D3-20C8B113D683}.Release|Any CPU.Build.0 = Release|Any CPU
		{F01C78C9-613F-49B9-A776-99FC8984FB39}.Debug|Any CPU.ActiveCfg = Debug|Any CPU
		{F01C78C9-613F-49B9-A776-99FC8984FB39}.Debug|Any CPU.Build.0 = Debug|Any CPU
		{F01C78C9-613F-49B9-A776-99FC8984FB39}.Release|Any CPU.ActiveCfg = Release|Any CPU
		{F01C78C9-613F-49B9-A776-99FC8984FB39}.Release|Any CPU.Build.0 = Release|Any CPU
		{7E08C468-1DBF-4E29-AFAE-D35E698FF1A5}.Debug|Any CPU.ActiveCfg = Debug|Any CPU
		{7E08C468-1DBF-4E29-AFAE-D35E698FF1A5}.Debug|Any CPU.Build.0 = Debug|Any CPU
		{7E08C468-1DBF-4E29-AFAE-D35E698FF1A5}.Release|Any CPU.ActiveCfg = Release|Any CPU
		{7E08C468-1DBF-4E29-AFAE-D35E698FF1A5}.Release|Any CPU.Build.0 = Release|Any CPU
		{FF68DAAB-C68C-498B-969E-4FC9ED52EEF7}.Debug|Any CPU.ActiveCfg = Debug|Any CPU
		{FF68DAAB-C68C-498B-969E-4FC9ED52EEF7}.Debug|Any CPU.Build.0 = Debug|Any CPU
		{FF68DAAB-C68C-498B-969E-4FC9ED52EEF7}.Release|Any CPU.ActiveCfg = Release|Any CPU
		{FF68DAAB-C68C-498B-969E-4FC9ED52EEF7}.Release|Any CPU.Build.0 = Release|Any CPU
	EndGlobalSection
	GlobalSection(SolutionProperties) = preSolution
		HideSolutionNode = FALSE
	EndGlobalSection
	GlobalSection(ExtensibilityGlobals) = postSolution
		SolutionGuid = {7D172CD6-CBCC-4C6F-9443-2836E2EB43D3}
	EndGlobalSection
EndGlobal
